{
	"requires": true,
	"lockfileVersion": 1,
	"dependencies": {
		"hamburgers": {
			"version": "0.9.3",
			"resolved": "https://registry.npmjs.org/hamburgers/-/hamburgers-0.9.3.tgz",
			"integrity": "sha512-7pC2GkvKcBtfUalg2Vfm2z3wOCUFI7ZHgqThUg6kHZ7ZcLelSzGhboB9UjlleRCBEUjAVCpcrdGdN7PcaJBQKQ=="
		},
		"ng-mediacheck": {
			"version": "0.1.7",
			"resolved": "https://registry.npmjs.org/ng-mediacheck/-/ng-mediacheck-0.1.7.tgz",
			"integrity": "sha512-eYQgYMxfsCngofSzh5e0JWXDaeblD7Hgd5utdYxBRaSEbOTeEDfQ2Z13DhmZ5APP5yfF7tIat0FtS7DmZQBCew=="
		},
		"ng-sidebar": {
			"version": "7.0.1",
			"resolved": "https://registry.npmjs.org/ng-sidebar/-/ng-sidebar-7.0.1.tgz",
			"integrity": "sha512-NgcUCI5oZ9mgZN/3o0h3+c2rlmFTUEidAWak9NVWHjkRt52qQocSmi+zPZYkT+6N30WFfToqgiGxdz3sJv5fkg=="
		}
	}
}
